// !$*UTF8*$!
{
	archiveVersion = 1;
	classes = {
	};
	objectVersion = 51;
	objects = {

/* Begin PBXBuildFile section */
		C703E518223AC7B800772253 /* Lines.swift in Sources */ = {isa = PBXBuildFile; fileRef = C703E516223AC7B800772253 /* Lines.swift */; };
		C703E519223AC7B800772253 /* SelectImageViewController.swift in Sources */ = {isa = PBXBuildFile; fileRef = C703E517223AC7B800772253 /* SelectImageViewController.swift */; };
		C727F88621E00E7B0067AE72 /* FormatText.swift in Sources */ = {isa = PBXBuildFile; fileRef = C727F88521E00E7B0067AE72 /* FormatText.swift */; };
		C73A74F32228852C000321BC /* GoogleMapViewController.swift in Sources */ = {isa = PBXBuildFile; fileRef = C73A74F22228852C000321BC /* GoogleMapViewController.swift */; };
		C745D49521EE5C4800CF24BB /* HeightCalculator.swift in Sources */ = {isa = PBXBuildFile; fileRef = C745D49421EE5C4800CF24BB /* HeightCalculator.swift */; };
		C7BAF02221B826EB009E226E /* AppDelegate.swift in Sources */ = {isa = PBXBuildFile; fileRef = C7BAF02121B826EB009E226E /* AppDelegate.swift */; };
		C7BAF02721B826EB009E226E /* Main.storyboard in Resources */ = {isa = PBXBuildFile; fileRef = C7BAF02521B826EB009E226E /* Main.storyboard */; };
		C7BAF02921B826EC009E226E /* Assets.xcassets in Resources */ = {isa = PBXBuildFile; fileRef = C7BAF02821B826EC009E226E /* Assets.xcassets */; };
		C7BAF02C21B826EC009E226E /* LaunchScreen.storyboard in Resources */ = {isa = PBXBuildFile; fileRef = C7BAF02A21B826EC009E226E /* LaunchScreen.storyboard */; };
		C7C1E6A62210A19700F9CABA /* Camera.swift in Sources */ = {isa = PBXBuildFile; fileRef = C7C1E6A52210A19700F9CABA /* Camera.swift */; };
		C7C1E6A82210A1AC00F9CABA /* Tower.swift in Sources */ = {isa = PBXBuildFile; fileRef = C7C1E6A72210A1AC00F9CABA /* Tower.swift */; };
		EA71296D04B30261C6DB0877 /* Pods_HighTowers.framework in Frameworks */ = {isa = PBXBuildFile; fileRef = EE231194F2D91C8125A6AA73 /* Pods_HighTowers.framework */; };
/* End PBXBuildFile section */

/* Begin PBXFileReference section */
		590FA1D76A82B2CCE08F636B /* Pods-HighTowers.release.xcconfig */ = {isa = PBXFileReference; includeInIndex = 1; lastKnownFileType = text.xcconfig; name = "Pods-HighTowers.release.xcconfig"; path = "Pods/Target Support Files/Pods-HighTowers/Pods-HighTowers.release.xcconfig"; sourceTree = "<group>"; };
		820FF6BC8250C38ED98DE64A /* Pods-HighTowers.debug.xcconfig */ = {isa = PBXFileReference; includeInIndex = 1; lastKnownFileType = text.xcconfig; name = "Pods-HighTowers.debug.xcconfig"; path = "Pods/Target Support Files/Pods-HighTowers/Pods-HighTowers.debug.xcconfig"; sourceTree = "<group>"; };
		C703E516223AC7B800772253 /* Lines.swift */ = {isa = PBXFileReference; fileEncoding = 4; lastKnownFileType = sourcecode.swift; path = Lines.swift; sourceTree = "<group>"; };
		C703E517223AC7B800772253 /* SelectImageViewController.swift */ = {isa = PBXFileReference; fileEncoding = 4; lastKnownFileType = sourcecode.swift; path = SelectImageViewController.swift; sourceTree = "<group>"; };
		C727F88521E00E7B0067AE72 /* FormatText.swift */ = {isa = PBXFileReference; fileEncoding = 4; lastKnownFileType = sourcecode.swift; path = FormatText.swift; sourceTree = "<group>"; };
		C73A74F22228852C000321BC /* GoogleMapViewController.swift */ = {isa = PBXFileReference; fileEncoding = 4; lastKnownFileType = sourcecode.swift; path = GoogleMapViewController.swift; sourceTree = "<group>"; };
		C745D49421EE5C4800CF24BB /* HeightCalculator.swift */ = {isa = PBXFileReference; fileEncoding = 4; lastKnownFileType = sourcecode.swift; path = HeightCalculator.swift; sourceTree = "<group>"; };
		C7BAF01E21B826EB009E226E /* HighTowers.app */ = {isa = PBXFileReference; explicitFileType = wrapper.application; includeInIndex = 0; path = HighTowers.app; sourceTree = BUILT_PRODUCTS_DIR; };
		C7BAF02121B826EB009E226E /* AppDelegate.swift */ = {isa = PBXFileReference; lastKnownFileType = sourcecode.swift; path = AppDelegate.swift; sourceTree = "<group>"; };
		C7BAF02621B826EB009E226E /* Base */ = {isa = PBXFileReference; lastKnownFileType = file.storyboard; name = Base; path = Base.lproj/Main.storyboard; sourceTree = "<group>"; };
		C7BAF02821B826EC009E226E /* Assets.xcassets */ = {isa = PBXFileReference; lastKnownFileType = folder.assetcatalog; path = Assets.xcassets; sourceTree = "<group>"; };
		C7BAF02B21B826EC009E226E /* Base */ = {isa = PBXFileReference; lastKnownFileType = file.storyboard; name = Base; path = Base.lproj/LaunchScreen.storyboard; sourceTree = "<group>"; };
		C7BAF02D21B826EC009E226E /* Info.plist */ = {isa = PBXFileReference; lastKnownFileType = text.plist.xml; path = Info.plist; sourceTree = "<group>"; };
		C7C1E6A52210A19700F9CABA /* Camera.swift */ = {isa = PBXFileReference; lastKnownFileType = sourcecode.swift; path = Camera.swift; sourceTree = "<group>"; };
		C7C1E6A72210A1AC00F9CABA /* Tower.swift */ = {isa = PBXFileReference; lastKnownFileType = sourcecode.swift; path = Tower.swift; sourceTree = "<group>"; };
		EE231194F2D91C8125A6AA73 /* Pods_HighTowers.framework */ = {isa = PBXFileReference; explicitFileType = wrapper.framework; includeInIndex = 0; path = Pods_HighTowers.framework; sourceTree = BUILT_PRODUCTS_DIR; };
/* End PBXFileReference section */

/* Begin PBXFrameworksBuildPhase section */
		C7BAF01B21B826EB009E226E /* Frameworks */ = {
			isa = PBXFrameworksBuildPhase;
			buildActionMask = 2147483647;
			files = (
				EA71296D04B30261C6DB0877 /* Pods_HighTowers.framework in Frameworks */,
			);
			runOnlyForDeploymentPostprocessing = 0;
		};
/* End PBXFrameworksBuildPhase section */

/* Begin PBXGroup section */
		1503E935BE4A4803539324FB /* Pods */ = {
			isa = PBXGroup;
			children = (
				820FF6BC8250C38ED98DE64A /* Pods-HighTowers.debug.xcconfig */,
				590FA1D76A82B2CCE08F636B /* Pods-HighTowers.release.xcconfig */,
			);
			name = Pods;
			sourceTree = "<group>";
		};
		C7BAF01521B826EB009E226E = {
			isa = PBXGroup;
			children = (
				C7BAF02021B826EB009E226E /* HighTowers */,
				C7BAF01F21B826EB009E226E /* Products */,
				1503E935BE4A4803539324FB /* Pods */,
				E21166F942AC9334B43A25F6 /* Frameworks */,
			);
			sourceTree = "<group>";
		};
		C7BAF01F21B826EB009E226E /* Products */ = {
			isa = PBXGroup;
			children = (
				C7BAF01E21B826EB009E226E /* HighTowers.app */,
			);
			name = Products;
			sourceTree = "<group>";
		};
		C7BAF02021B826EB009E226E /* HighTowers */ = {
			isa = PBXGroup;
			children = (
				C7BAF03321B83144009E226E /* Models */,
				C7BAF03421B83150009E226E /* Views */,
				C7BAF03521B8315D009E226E /* Controllers */,
				C7BAF02821B826EC009E226E /* Assets.xcassets */,
				C7BAF02A21B826EC009E226E /* LaunchScreen.storyboard */,
				C7BAF02D21B826EC009E226E /* Info.plist */,
			);
			path = HighTowers;
			sourceTree = "<group>";
		};
		C7BAF03321B83144009E226E /* Models */ = {
			isa = PBXGroup;
			children = (
				C745D49421EE5C4800CF24BB /* HeightCalculator.swift */,
				C727F88521E00E7B0067AE72 /* FormatText.swift */,
				C7C1E6A52210A19700F9CABA /* Camera.swift */,
				C7C1E6A72210A1AC00F9CABA /* Tower.swift */,
			);
			path = Models;
			sourceTree = "<group>";
		};
		C7BAF03421B83150009E226E /* Views */ = {
			isa = PBXGroup;
			children = (
				C7BAF02521B826EB009E226E /* Main.storyboard */,
			);
			path = Views;
			sourceTree = "<group>";
		};
		C7BAF03521B8315D009E226E /* Controllers */ = {
			isa = PBXGroup;
			children = (
				C703E516223AC7B800772253 /* Lines.swift */,
				C703E517223AC7B800772253 /* SelectImageViewController.swift */,
				C7BAF02121B826EB009E226E /* AppDelegate.swift */,
				C73A74F22228852C000321BC /* GoogleMapViewController.swift */,
			);
			path = Controllers;
			sourceTree = "<group>";
		};
		E21166F942AC9334B43A25F6 /* Frameworks */ = {
			isa = PBXGroup;
			children = (
				EE231194F2D91C8125A6AA73 /* Pods_HighTowers.framework */,
			);
			name = Frameworks;
			sourceTree = "<group>";
		};
/* End PBXGroup section */

/* Begin PBXNativeTarget section */
		C7BAF01D21B826EB009E226E /* HighTowers */ = {
			isa = PBXNativeTarget;
			buildConfigurationList = C7BAF03021B826EC009E226E /* Build configuration list for PBXNativeTarget "HighTowers" */;
			buildPhases = (
				0DD2B7E2FACFDDC47B7ED224 /* [CP] Check Pods Manifest.lock */,
				C7BAF01A21B826EB009E226E /* Sources */,
				C7BAF01B21B826EB009E226E /* Frameworks */,
				C7BAF01C21B826EB009E226E /* Resources */,
				3D82998C28359DB8F10966FF /* [CP] Copy Pods Resources */,
				1EBD00986880F6DB80DB451E /* [CP] Embed Pods Frameworks */,
			);
			buildRules = (
			);
			dependencies = (
			);
			name = HighTowers;
			productName = HighTowers;
			productReference = C7BAF01E21B826EB009E226E /* HighTowers.app */;
			productType = "com.apple.product-type.application";
		};
/* End PBXNativeTarget section */

/* Begin PBXProject section */
		C7BAF01621B826EB009E226E /* Project object */ = {
			isa = PBXProject;
			attributes = {
				LastSwiftUpdateCheck = 1010;
				LastUpgradeCheck = 1010;
				ORGANIZATIONNAME = "Durfee's Sandbox";
				TargetAttributes = {
					C7BAF01D21B826EB009E226E = {
						CreatedOnToolsVersion = 10.1;
						LastSwiftMigration = 1020;
					};
				};
			};
			buildConfigurationList = C7BAF01921B826EB009E226E /* Build configuration list for PBXProject "HighTowers" */;
			compatibilityVersion = "Xcode 10.0";
			developmentRegion = en;
			hasScannedForEncodings = 0;
			knownRegions = (
				en,
				Base,
			);
			mainGroup = C7BAF01521B826EB009E226E;
			productRefGroup = C7BAF01F21B826EB009E226E /* Products */;
			projectDirPath = "";
			projectRoot = "";
			targets = (
				C7BAF01D21B826EB009E226E /* HighTowers */,
			);
		};
/* End PBXProject section */

/* Begin PBXResourcesBuildPhase section */
		C7BAF01C21B826EB009E226E /* Resources */ = {
			isa = PBXResourcesBuildPhase;
			buildActionMask = 2147483647;
			files = (
				C7BAF02C21B826EC009E226E /* LaunchScreen.storyboard in Resources */,
				C7BAF02921B826EC009E226E /* Assets.xcassets in Resources */,
				C7BAF02721B826EB009E226E /* Main.storyboard in Resources */,
			);
			runOnlyForDeploymentPostprocessing = 0;
		};
/* End PBXResourcesBuildPhase section */

/* Begin PBXShellScriptBuildPhase section */
		0DD2B7E2FACFDDC47B7ED224 /* [CP] Check Pods Manifest.lock */ = {
			isa = PBXShellScriptBuildPhase;
			buildActionMask = 2147483647;
			files = (
			);
			inputFileListPaths = (
			);
			inputPaths = (
				"${PODS_PODFILE_DIR_PATH}/Podfile.lock",
				"${PODS_ROOT}/Manifest.lock",
			);
			name = "[CP] Check Pods Manifest.lock";
			outputFileListPaths = (
			);
			outputPaths = (
				"$(DERIVED_FILE_DIR)/Pods-HighTowers-checkManifestLockResult.txt",
			);
			runOnlyForDeploymentPostprocessing = 0;
			shellPath = /bin/sh;
			shellScript = "diff \"${PODS_PODFILE_DIR_PATH}/Podfile.lock\" \"${PODS_ROOT}/Manifest.lock\" > /dev/null\nif [ $? != 0 ] ; then\n    # print error to STDERR\n    echo \"error: The sandbox is not in sync with the Podfile.lock. Run 'pod install' or update your CocoaPods installation.\" >&2\n    exit 1\nfi\n# This output is used by Xcode 'outputs' to avoid re-running this script phase.\necho \"SUCCESS\" > \"${SCRIPT_OUTPUT_FILE_0}\"\n";
			showEnvVarsInLog = 0;
		};
		1EBD00986880F6DB80DB451E /* [CP] Embed Pods Frameworks */ = {
			isa = PBXShellScriptBuildPhase;
			buildActionMask = 2147483647;
			files = (
			);
			inputFileListPaths = (
			);
			inputPaths = (
				"${SRCROOT}/Pods/Target Support Files/Pods-HighTowers/Pods-HighTowers-frameworks.sh",
				"${BUILT_PRODUCTS_DIR}/Alamofire/Alamofire.framework",
				"${BUILT_PRODUCTS_DIR}/SwiftyJSON/SwiftyJSON.framework",
			);
			name = "[CP] Embed Pods Frameworks";
			outputFileListPaths = (
			);
			outputPaths = (
				"${TARGET_BUILD_DIR}/${FRAMEWORKS_FOLDER_PATH}/Alamofire.framework",
				"${TARGET_BUILD_DIR}/${FRAMEWORKS_FOLDER_PATH}/SwiftyJSON.framework",
			);
			runOnlyForDeploymentPostprocessing = 0;
			shellPath = /bin/sh;
			shellScript = "\"${SRCROOT}/Pods/Target Support Files/Pods-HighTowers/Pods-HighTowers-frameworks.sh\"\n";
			showEnvVarsInLog = 0;
		};
		3D82998C28359DB8F10966FF /* [CP] Copy Pods Resources */ = {
			isa = PBXShellScriptBuildPhase;
			buildActionMask = 2147483647;
			files = (
			);
			inputFileListPaths = (
			);
			inputPaths = (
				"${SRCROOT}/Pods/Target Support Files/Pods-HighTowers/Pods-HighTowers-resources.sh",
				"${PODS_ROOT}/GoogleMaps/Maps/Frameworks/GoogleMaps.framework/Resources/GoogleMaps.bundle",
				"${PODS_ROOT}/GooglePlaces/Frameworks/GooglePlaces.framework/Resources/GooglePlaces.bundle",
			);
			name = "[CP] Copy Pods Resources";
			outputFileListPaths = (
			);
			outputPaths = (
				"${TARGET_BUILD_DIR}/${UNLOCALIZED_RESOURCES_FOLDER_PATH}/GoogleMaps.bundle",
				"${TARGET_BUILD_DIR}/${UNLOCALIZED_RESOURCES_FOLDER_PATH}/GooglePlaces.bundle",
			);
			runOnlyForDeploymentPostprocessing = 0;
			shellPath = /bin/sh;
			shellScript = "\"${SRCROOT}/Pods/Target Support Files/Pods-HighTowers/Pods-HighTowers-resources.sh\"\n";
			showEnvVarsInLog = 0;
		};
/* End PBXShellScriptBuildPhase section */

/* Begin PBXSourcesBuildPhase section */
		C7BAF01A21B826EB009E226E /* Sources */ = {
			isa = PBXSourcesBuildPhase;
			buildActionMask = 2147483647;
			files = (
				C727F88621E00E7B0067AE72 /* FormatText.swift in Sources */,
				C7C1E6A62210A19700F9CABA /* Camera.swift in Sources */,
				C703E518223AC7B800772253 /* Lines.swift in Sources */,
				C7C1E6A82210A1AC00F9CABA /* Tower.swift in Sources */,
				C703E519223AC7B800772253 /* SelectImageViewController.swift in Sources */,
				C73A74F32228852C000321BC /* GoogleMapViewController.swift in Sources */,
				C745D49521EE5C4800CF24BB /* HeightCalculator.swift in Sources */,
				C7BAF02221B826EB009E226E /* AppDelegate.swift in Sources */,
			);
			runOnlyForDeploymentPostprocessing = 0;
		};
/* End PBXSourcesBuildPhase section */

/* Begin PBXVariantGroup section */
		C7BAF02521B826EB009E226E /* Main.storyboard */ = {
			isa = PBXVariantGroup;
			children = (
				C7BAF02621B826EB009E226E /* Base */,
			);
			name = Main.storyboard;
			sourceTree = "<group>";
		};
		C7BAF02A21B826EC009E226E /* LaunchScreen.storyboard */ = {
			isa = PBXVariantGroup;
			children = (
				C7BAF02B21B826EC009E226E /* Base */,
			);
			name = LaunchScreen.storyboard;
			sourceTree = "<group>";
		};
/* End PBXVariantGroup section */

/* Begin XCBuildConfiguration section */
		C7BAF02E21B826EC009E226E /* Debug */ = {
			isa = XCBuildConfiguration;
			buildSettings = {
				ALWAYS_SEARCH_USER_PATHS = NO;
				CLANG_ANALYZER_NONNULL = YES;
				CLANG_ANALYZER_NUMBER_OBJECT_CONVERSION = YES_AGGRESSIVE;
				CLANG_CXX_LANGUAGE_STANDARD = "gnu++14";
				CLANG_CXX_LIBRARY = "libc++";
				CLANG_ENABLE_MODULES = YES;
				CLANG_ENABLE_OBJC_ARC = YES;
				CLANG_ENABLE_OBJC_WEAK = YES;
				CLANG_WARN_BLOCK_CAPTURE_AUTORELEASING = YES;
				CLANG_WARN_BOOL_CONVERSION = YES;
				CLANG_WARN_COMMA = YES;
				CLANG_WARN_CONSTANT_CONVERSION = YES;
				CLANG_WARN_DEPRECATED_OBJC_IMPLEMENTATIONS = YES;
				CLANG_WARN_DIRECT_OBJC_ISA_USAGE = YES_ERROR;
				CLANG_WARN_DOCUMENTATION_COMMENTS = YES;
				CLANG_WARN_EMPTY_BODY = YES;
				CLANG_WARN_ENUM_CONVERSION = YES;
				CLANG_WARN_INFINITE_RECURSION = YES;
				CLANG_WARN_INT_CONVERSION = YES;
				CLANG_WARN_NON_LITERAL_NULL_CONVERSION = YES;
				CLANG_WARN_OBJC_IMPLICIT_RETAIN_SELF = YES;
				CLANG_WARN_OBJC_LITERAL_CONVERSION = YES;
				CLANG_WARN_OBJC_ROOT_CLASS = YES_ERROR;
				CLANG_WARN_RANGE_LOOP_ANALYSIS = YES;
				CLANG_WARN_STRICT_PROTOTYPES = YES;
				CLANG_WARN_SUSPICIOUS_MOVE = YES;
				CLANG_WARN_UNGUARDED_AVAILABILITY = YES_AGGRESSIVE;
				CLANG_WARN_UNREACHABLE_CODE = YES;
				CLANG_WARN__DUPLICATE_METHOD_MATCH = YES;
				CODE_SIGN_IDENTITY = "iPhone Developer";
				COPY_PHASE_STRIP = NO;
				DEBUG_INFORMATION_FORMAT = dwarf;
				ENABLE_STRICT_OBJC_MSGSEND = YES;
				ENABLE_TESTABILITY = YES;
				GCC_C_LANGUAGE_STANDARD = gnu11;
				GCC_DYNAMIC_NO_PIC = NO;
				GCC_NO_COMMON_BLOCKS = YES;
				GCC_OPTIMIZATION_LEVEL = 0;
				GCC_PREPROCESSOR_DEFINITIONS = (
					"DEBUG=1",
					"$(inherited)",
				);
				GCC_WARN_64_TO_32_BIT_CONVERSION = YES;
				GCC_WARN_ABOUT_RETURN_TYPE = YES_ERROR;
				GCC_WARN_UNDECLARED_SELECTOR = YES;
				GCC_WARN_UNINITIALIZED_AUTOS = YES_AGGRESSIVE;
				GCC_WARN_UNUSED_FUNCTION = YES;
				GCC_WARN_UNUSED_VARIABLE = YES;
				IPHONEOS_DEPLOYMENT_TARGET = 12.1;
				MTL_ENABLE_DEBUG_INFO = INCLUDE_SOURCE;
				MTL_FAST_MATH = YES;
				ONLY_ACTIVE_ARCH = YES;
				SDKROOT = iphoneos;
				SWIFT_ACTIVE_COMPILATION_CONDITIONS = DEBUG;
				SWIFT_OPTIMIZATION_LEVEL = "-Onone";
			};
			name = Debug;
		};
		C7BAF02F21B826EC009E226E /* Release */ = {
			isa = XCBuildConfiguration;
			buildSettings = {
				ALWAYS_SEARCH_USER_PATHS = NO;
				CLANG_ANALYZER_NONNULL = YES;
				CLANG_ANALYZER_NUMBER_OBJECT_CONVERSION = YES_AGGRESSIVE;
				CLANG_CXX_LANGUAGE_STANDARD = "gnu++14";
				CLANG_CXX_LIBRARY = "libc++";
				CLANG_ENABLE_MODULES = YES;
				CLANG_ENABLE_OBJC_ARC = YES;
				CLANG_ENABLE_OBJC_WEAK = YES;
				CLANG_WARN_BLOCK_CAPTURE_AUTORELEASING = YES;
				CLANG_WARN_BOOL_CONVERSION = YES;
				CLANG_WARN_COMMA = YES;
				CLANG_WARN_CONSTANT_CONVERSION = YES;
				CLANG_WARN_DEPRECATED_OBJC_IMPLEMENTATIONS = YES;
				CLANG_WARN_DIRECT_OBJC_ISA_USAGE = YES_ERROR;
				CLANG_WARN_DOCUMENTATION_COMMENTS = YES;
				CLANG_WARN_EMPTY_BODY = YES;
				CLANG_WARN_ENUM_CONVERSION = YES;
				CLANG_WARN_INFINITE_RECURSION = YES;
				CLANG_WARN_INT_CONVERSION = YES;
				CLANG_WARN_NON_LITERAL_NULL_CONVERSION = YES;
				CLANG_WARN_OBJC_IMPLICIT_RETAIN_SELF = YES;
				CLANG_WARN_OBJC_LITERAL_CONVERSION = YES;
				CLANG_WARN_OBJC_ROOT_CLASS = YES_ERROR;
				CLANG_WARN_RANGE_LOOP_ANALYSIS = YES;
				CLANG_WARN_STRICT_PROTOTYPES = YES;
				CLANG_WARN_SUSPICIOUS_MOVE = YES;
				CLANG_WARN_UNGUARDED_AVAILABILITY = YES_AGGRESSIVE;
				CLANG_WARN_UNREACHABLE_CODE = YES;
				CLANG_WARN__DUPLICATE_METHOD_MATCH = YES;
				CODE_SIGN_IDENTITY = "iPhone Developer";
				COPY_PHASE_STRIP = NO;
				DEBUG_INFORMATION_FORMAT = "dwarf-with-dsym";
				ENABLE_NS_ASSERTIONS = NO;
				ENABLE_STRICT_OBJC_MSGSEND = YES;
				GCC_C_LANGUAGE_STANDARD = gnu11;
				GCC_NO_COMMON_BLOCKS = YES;
				GCC_WARN_64_TO_32_BIT_CONVERSION = YES;
				GCC_WARN_ABOUT_RETURN_TYPE = YES_ERROR;
				GCC_WARN_UNDECLARED_SELECTOR = YES;
				GCC_WARN_UNINITIALIZED_AUTOS = YES_AGGRESSIVE;
				GCC_WARN_UNUSED_FUNCTION = YES;
				GCC_WARN_UNUSED_VARIABLE = YES;
				IPHONEOS_DEPLOYMENT_TARGET = 12.1;
				MTL_ENABLE_DEBUG_INFO = NO;
				MTL_FAST_MATH = YES;
				SDKROOT = iphoneos;
				SWIFT_COMPILATION_MODE = wholemodule;
				SWIFT_OPTIMIZATION_LEVEL = "-O";
				VALIDATE_PRODUCT = YES;
			};
			name = Release;
		};
		C7BAF03121B826EC009E226E /* Debug */ = {
			isa = XCBuildConfiguration;
			baseConfigurationReference = 820FF6BC8250C38ED98DE64A /* Pods-HighTowers.debug.xcconfig */;
			buildSettings = {
				ASSETCATALOG_COMPILER_APPICON_NAME = AppIcon;
				CODE_SIGN_STYLE = Automatic;
				DEVELOPMENT_TEAM = 3932S683GR;
				INFOPLIST_FILE = HighTowers/Info.plist;
				LD_RUNPATH_SEARCH_PATHS = (
					"$(inherited)",
					"@executable_path/Frameworks",
				);
				PRODUCT_BUNDLE_IDENTIFIER = "com.Greg-Durfee.com.HighTowers";
				PRODUCT_NAME = "$(TARGET_NAME)";
				SWIFT_VERSION = 5.0;
				TARGETED_DEVICE_FAMILY = "1,2";
			};
			name = Debug;
		};
		C7BAF03221B826EC009E226E /* Release */ = {
			isa = XCBuildConfiguration;
			baseConfigurationReference = 590FA1D76A82B2CCE08F636B /* Pods-HighTowers.release.xcconfig */;
			buildSettings = {
				ASSETCATALOG_COMPILER_APPICON_NAME = AppIcon;
				CODE_SIGN_STYLE = Automatic;
				DEVELOPMENT_TEAM = 3932S683GR;
				INFOPLIST_FILE = HighTowers/Info.plist;
				LD_RUNPATH_SEARCH_PATHS = (
					"$(inherited)",
					"@executable_path/Frameworks",
				);
				PRODUCT_BUNDLE_IDENTIFIER = "com.Greg-Durfee.com.HighTowers";
				PRODUCT_NAME = "$(TARGET_NAME)";
				SWIFT_VERSION = 5.0;
				TARGETED_DEVICE_FAMILY = "1,2";
			};
			name = Release;
		};
/* End XCBuildConfiguration section */

/* Begin XCConfigurationList section */
		C7BAF01921B826EB009E226E /* Build configuration list for PBXProject "HighTowers" */ = {
			isa = XCConfigurationList;
			buildConfigurations = (
				C7BAF02E21B826EC009E226E /* Debug */,
				C7BAF02F21B826EC009E226E /* Release */,
			);
			defaultConfigurationIsVisible = 0;
			defaultConfigurationName = Release;
		};
		C7BAF03021B826EC009E226E /* Build configuration list for PBXNativeTarget "HighTowers" */ = {
			isa = XCConfigurationList;
			buildConfigurations = (
				C7BAF03121B826EC009E226E /* Debug */,
				C7BAF03221B826EC009E226E /* Release */,
			);
			defaultConfigurationIsVisible = 0;
			defaultConfigurationName = Release;
		};
/* End XCConfigurationList section */
	};
	rootObject = C7BAF01621B826EB009E226E /* Project object */;
}
